<Solution>
  <Folder Name="/src/">
    <Project Path="src/Jason.App/Jason.App.csproj" />
    <Project Path="src/Jason.Cli/Jason.Cli.csproj" />
    <Project Path="src/Jason.Contracts/Jason.Contracts.csproj" />
    <Project Path="src/Jason.PluginHost/Jason.PluginHost.csproj" />
    <Project Path="src/Jason.Runtime/Jason.Runtime.csproj" />
  </Folder>
  <Folder Name="/tests/">
    <Project Path="tests/Jason.App.Tests/Jason.App.Tests.csproj" />
    <Project Path="tests/Jason.Cli.Tests/Jason.Cli.Tests.csproj" />
    <Project Path="tests/Jason.Contracts.Tests/Jason.Contracts.Tests.csproj" />
    <Project Path="tests/Jason.FakeAgentHost/Jason.FakeAgentHost.csproj" />
    <Project Path="tests/Jason.PluginHost.Tests/Jason.PluginHost.Tests.csproj" />
    <Project Path="tests/Jason.Runtime.Tests/Jason.Runtime.Tests.csproj" />
  </Folder>
</Solution>
